
Microsoft Visual Studio Solution File, Format Version 12.00
# Visual Studio Version 17
VisualStudioVersion = 17.14.36915.13 d17.14
MinimumVisualStudioVersion = 10.0.40219.1
Project("{FAE04EC0-301F-11D3-BF4B-00C04F79EFBC}") = "ServerApp", "ServerApp\ServerApp.csproj", "{5945743C-8C73-448D-9275-CD2346A90737}"
EndProject
Project("{FAE04EC0-301F-11D3-BF4B-00C04F79EFBC}") = "ClientApp", "ClientApp\ClientApp.csproj", "{BFA9F4E6-E7B0-4168-AC55-AE27D83D88C5}"
EndProject
Global
	GlobalSection(SolutionConfigurationPlatforms) = preSolution
		Debug|Any CPU = Debug|Any CPU
		Release|Any CPU = Release|Any CPU
	EndGlobalSection
	GlobalSection(ProjectConfigurationPlatforms) = postSolution
		{5945743C-8C73-448D-9275-CD2346A90737}.Debug|Any CPU.ActiveCfg = Debug|Any CPU
		{5945743C-8C73-448D-9275-CD2346A90737}.Debug|Any CPU.Build.0 = Debug|Any CPU
		{5945743C-8C73-448D-9275-CD2346A90737}.Release|Any CPU.ActiveCfg = Release|Any CPU
		{5945743C-8C73-448D-9275-CD2346A90737}.Release|Any CPU.Build.0 = Release|Any CPU
		{BFA9F4E6-E7B0-4168-AC55-AE27D83D88C5}.Debug|Any CPU.ActiveCfg = Debug|Any CPU
		{BFA9F4E6-E7B0-4168-AC55-AE27D83D88C5}.Debug|Any CPU.Build.0 = Debug|Any CPU
		{BFA9F4E6-E7B0-4168-AC55-AE27D83D88C5}.Release|Any CPU.ActiveCfg = Release|Any CPU
		{BFA9F4E6-E7B0-4168-AC55-AE27D83D88C5}.Release|Any CPU.Build.0 = Release|Any CPU
	EndGlobalSection
	GlobalSection(SolutionProperties) = preSolution
		HideSolutionNode = FALSE
	EndGlobalSection
	GlobalSection(ExtensibilityGlobals) = postSolution
		SolutionGuid = {E62929D9-AA9E-4A5A-B0BB-435A87712817}
	EndGlobalSection
EndGlobal
