
Microsoft Visual Studio Solution File, Format Version 12.00
# Visual Studio Version 17
VisualStudioVersion = 17.14.36915.13 d17.14
MinimumVisualStudioVersion = 10.0.40219.1
Project("{FAE04EC0-301F-11D3-BF4B-00C04F79EFBC}") = "ClientFormApp", "ClientFormApp\ClientFormApp.csproj", "{9C403D10-98A3-40DE-87A2-EABC04AF7A89}"
EndProject
Project("{FAE04EC0-301F-11D3-BF4B-00C04F79EFBC}") = "ServerFormApp", "ServerFormApp\ServerFormApp.csproj", "{63FA6C72-4815-463E-BAD0-C66EBDA339CB}"
EndProject
Global
	GlobalSection(SolutionConfigurationPlatforms) = preSolution
		Debug|Any CPU = Debug|Any CPU
		Release|Any CPU = Release|Any CPU
	EndGlobalSection
	GlobalSection(ProjectConfigurationPlatforms) = postSolution
		{9C403D10-98A3-40DE-87A2-EABC04AF7A89}.Debug|Any CPU.ActiveCfg = Debug|Any CPU
		{9C403D10-98A3-40DE-87A2-EABC04AF7A89}.Debug|Any CPU.Build.0 = Debug|Any CPU
		{9C403D10-98A3-40DE-87A2-EABC04AF7A89}.Release|Any CPU.ActiveCfg = Release|Any CPU
		{9C403D10-98A3-40DE-87A2-EABC04AF7A89}.Release|Any CPU.Build.0 = Release|Any CPU
		{63FA6C72-4815-463E-BAD0-C66EBDA339CB}.Debug|Any CPU.ActiveCfg = Debug|Any CPU
		{63FA6C72-4815-463E-BAD0-C66EBDA339CB}.Debug|Any CPU.Build.0 = Debug|Any CPU
		{63FA6C72-4815-463E-BAD0-C66EBDA339CB}.Release|Any CPU.ActiveCfg = Release|Any CPU
		{63FA6C72-4815-463E-BAD0-C66EBDA339CB}.Release|Any CPU.Build.0 = Release|Any CPU
	EndGlobalSection
	GlobalSection(SolutionProperties) = preSolution
		HideSolutionNode = FALSE
	EndGlobalSection
	GlobalSection(ExtensibilityGlobals) = postSolution
		SolutionGuid = {1FF299B2-CC34-4A62-9CA2-78D87C84B479}
	EndGlobalSection
EndGlobal
