
Microsoft Visual Studio Solution File, Format Version 12.00
# Visual Studio Version 17
VisualStudioVersion = 17.14.36915.13
MinimumVisualStudioVersion = 10.0.40219.1
Project("{FAE04EC0-301F-11D3-BF4B-00C04F79EFBC}") = "ServerApp", "..\ServerApp\ServerApp.csproj", "{7462AE68-1E36-4156-9B54-DD9202CA8D19}"
EndProject
Project("{FAE04EC0-301F-11D3-BF4B-00C04F79EFBC}") = "ClientApp", "ClientApp\ClientApp.csproj", "{56E795A4-09D8-42EE-A90C-0E9DF34FAFFF}"
EndProject
Global
	GlobalSection(SolutionConfigurationPlatforms) = preSolution
		Debug|Any CPU = Debug|Any CPU
		Release|Any CPU = Release|Any CPU
	EndGlobalSection
	GlobalSection(ProjectConfigurationPlatforms) = postSolution
		{7462AE68-1E36-4156-9B54-DD9202CA8D19}.Debug|Any CPU.ActiveCfg = Debug|Any CPU
		{7462AE68-1E36-4156-9B54-DD9202CA8D19}.Debug|Any CPU.Build.0 = Debug|Any CPU
		{7462AE68-1E36-4156-9B54-DD9202CA8D19}.Release|Any CPU.ActiveCfg = Release|Any CPU
		{7462AE68-1E36-4156-9B54-DD9202CA8D19}.Release|Any CPU.Build.0 = Release|Any CPU
		{56E795A4-09D8-42EE-A90C-0E9DF34FAFFF}.Debug|Any CPU.ActiveCfg = Debug|Any CPU
		{56E795A4-09D8-42EE-A90C-0E9DF34FAFFF}.Debug|Any CPU.Build.0 = Debug|Any CPU
		{56E795A4-09D8-42EE-A90C-0E9DF34FAFFF}.Release|Any CPU.ActiveCfg = Release|Any CPU
		{56E795A4-09D8-42EE-A90C-0E9DF34FAFFF}.Release|Any CPU.Build.0 = Release|Any CPU
	EndGlobalSection
	GlobalSection(SolutionProperties) = preSolution
		HideSolutionNode = FALSE
	EndGlobalSection
	GlobalSection(ExtensibilityGlobals) = postSolution
		SolutionGuid = {81901F7E-353F-4965-8C3F-00831E92D5B2}
	EndGlobalSection
EndGlobal
